
Microsoft Visual Studio Solution File, Format Version 12.00
# Visual Studio 15
VisualStudioVersion = 15.0.28307.1209
MinimumVisualStudioVersion = 10.0.40219.1
Project("{FAE04EC0-301F-11D3-BF4B-00C04F79EFBC}") = "exercicioVetores", "exercicioVetores\exercicioVetores.csproj", "{0AA9918B-F2C1-47CA-B430-3603A9E8642E}"
EndProject
Global
	GlobalSection(SolutionConfigurationPlatforms) = preSolution
		Debug|Any CPU = Debug|Any CPU
		Release|Any CPU = Release|Any CPU
	EndGlobalSection
	GlobalSection(ProjectConfigurationPlatforms) = postSolution
		{0AA9918B-F2C1-47CA-B430-3603A9E8642E}.Debug|Any CPU.ActiveCfg = Debug|Any CPU
		{0AA9918B-F2C1-47CA-B430-3603A9E8642E}.Debug|Any CPU.Build.0 = Debug|Any CPU
		{0AA9918B-F2C1-47CA-B430-3603A9E8642E}.Release|Any CPU.ActiveCfg = Release|Any CPU
		{0AA9918B-F2C1-47CA-B430-3603A9E8642E}.Release|Any CPU.Build.0 = Release|Any CPU
	EndGlobalSection
	GlobalSection(SolutionProperties) = preSolution
		HideSolutionNode = FALSE
	EndGlobalSection
	GlobalSection(ExtensibilityGlobals) = postSolution
		SolutionGuid = {46CE80F4-E60E-4B2E-B0B9-9D6ACCB95B3D}
	EndGlobalSection
EndGlobal
